
Microsoft Visual Studio Solution File, Format Version 12.00
# Visual Studio Version 17
VisualStudioVersion = 17.13.35931.197 d17.13
MinimumVisualStudioVersion = 10.0.40219.1
Project("{FAE04EC0-301F-11D3-BF4B-00C04F79EFBC}") = "WebApplicationhu03", "WebApplicationhu03\WebApplicationhu03.csproj", "{3CF9C115-EEE0-48F2-99CF-173B06570891}"
EndProject
Global
	GlobalSection(SolutionConfigurationPlatforms) = preSolution
		Debug|Any CPU = Debug|Any CPU
		Release|Any CPU = Release|Any CPU
	EndGlobalSection
	GlobalSection(ProjectConfigurationPlatforms) = postSolution
		{3CF9C115-EEE0-48F2-99CF-173B06570891}.Debug|Any CPU.ActiveCfg = Debug|Any CPU
		{3CF9C115-EEE0-48F2-99CF-173B06570891}.Debug|Any CPU.Build.0 = Debug|Any CPU
		{3CF9C115-EEE0-48F2-99CF-173B06570891}.Release|Any CPU.ActiveCfg = Release|Any CPU
		{3CF9C115-EEE0-48F2-99CF-173B06570891}.Release|Any CPU.Build.0 = Release|Any CPU
	EndGlobalSection
	GlobalSection(SolutionProperties) = preSolution
		HideSolutionNode = FALSE
	EndGlobalSection
	GlobalSection(ExtensibilityGlobals) = postSolution
		SolutionGuid = {B568C5C2-A0AF-4DE3-A7BF-C9C4C60AB849}
	EndGlobalSection
EndGlobal
